// !$*UTF8*$!
{
	archiveVersion = 1;
	classes = {
	};
	objectVersion = 46;
	objects = {

/* Begin PBXBuildFile section */
		8E2E7C1319EEAA2E00A309C8 /* CrosshairsView.m in Sources */ = {isa = PBXBuildFile; fileRef = 8E2E7C1219EEAA2E00A309C8 /* CrosshairsView.m */; };
		8E3C374319E9CF56009DD1A6 /* Key.m in Sources */ = {isa = PBXBuildFile; fileRef = 8E3C374219E9CF56009DD1A6 /* Key.m */; };
		8E74956C19DA65AD00B9EC9B /* main.m in Sources */ = {isa = PBXBuildFile; fileRef = 8E74956B19DA65AD00B9EC9B /* main.m */; };
		8E74956F19DA65AD00B9EC9B /* AppDelegate.m in Sources */ = {isa = PBXBuildFile; fileRef = 8E74956E19DA65AD00B9EC9B /* AppDelegate.m */; };
		8E74957219DA65AD00B9EC9B /* RootVC.m in Sources */ = {isa = PBXBuildFile; fileRef = 8E74957119DA65AD00B9EC9B /* RootVC.m */; };
		8E74957719DA65AD00B9EC9B /* Images.xcassets in Resources */ = {isa = PBXBuildFile; fileRef = 8E74957619DA65AD00B9EC9B /* Images.xcassets */; };
		8E74959919DA65EE00B9EC9B /* KeyboardVC.m in Sources */ = {isa = PBXBuildFile; fileRef = 8E74959819DA65EE00B9EC9B /* KeyboardVC.m */; };
		8E74959C19DA65EE00B9EC9B /* Garino-Keyboard.appex in Embed App Extensions */ = {isa = PBXBuildFile; fileRef = 8E74959319DA65EE00B9EC9B /* Garino-Keyboard.appex */; settings = {ATTRIBUTES = (RemoveHeadersOnCopy, ); }; };
		8E7495D319DA72DC00B9EC9B /* UtilitiesUI.m in Sources */ = {isa = PBXBuildFile; fileRef = 8E7495D219DA72DC00B9EC9B /* UtilitiesUI.m */; };
		8E7495D419DA72DC00B9EC9B /* UtilitiesUI.m in Sources */ = {isa = PBXBuildFile; fileRef = 8E7495D219DA72DC00B9EC9B /* UtilitiesUI.m */; };
		8EDDBEE219EC247600AD2D49 /* KeyboardConstants.m in Sources */ = {isa = PBXBuildFile; fileRef = 8EDDBEE119EC247600AD2D49 /* KeyboardConstants.m */; };
		8EDDBEE519EC30B300AD2D49 /* KeyboardView.m in Sources */ = {isa = PBXBuildFile; fileRef = 8EDDBEE419EC30B300AD2D49 /* KeyboardView.m */; };
		8EE3692119F3042F007AEA20 /* UIColor+Additions.m in Sources */ = {isa = PBXBuildFile; fileRef = 8EE3692019F3042F007AEA20 /* UIColor+Additions.m */; };
		8EE397CA19F682CB006FA623 /* AudioToolbox.framework in Frameworks */ = {isa = PBXBuildFile; fileRef = 8EE397C919F682CB006FA623 /* AudioToolbox.framework */; };
		8EE5C54C1A02D02500BEFF00 /* ExtraKeys.m in Sources */ = {isa = PBXBuildFile; fileRef = 8EE5C54B1A02D02500BEFF00 /* ExtraKeys.m */; };
/* End PBXBuildFile section */

/* Begin PBXContainerItemProxy section */
		8E74959A19DA65EE00B9EC9B /* PBXContainerItemProxy */ = {
			isa = PBXContainerItemProxy;
			containerPortal = 8E74955E19DA65AD00B9EC9B /* Project object */;
			proxyType = 1;
			remoteGlobalIDString = 8E74959219DA65EE00B9EC9B;
			remoteInfo = "Garino-Keyboard";
		};
		8E74959D19DA65EE00B9EC9B /* PBXContainerItemProxy */ = {
			isa = PBXContainerItemProxy;
			containerPortal = 8E74955E19DA65AD00B9EC9B /* Project object */;
			proxyType = 1;
			remoteGlobalIDString = 8E74959219DA65EE00B9EC9B;
			remoteInfo = "Garino-Keyboard";
		};
/* End PBXContainerItemProxy section */

/* Begin PBXCopyFilesBuildPhase section */
		8E7495A219DA65EE00B9EC9B /* Embed App Extensions */ = {
			isa = PBXCopyFilesBuildPhase;
			buildActionMask = 2147483647;
			dstPath = "";
			dstSubfolderSpec = 13;
			files = (
				8E74959C19DA65EE00B9EC9B /* Garino-Keyboard.appex in Embed App Extensions */,
			);
			name = "Embed App Extensions";
			runOnlyForDeploymentPostprocessing = 0;
		};
/* End PBXCopyFilesBuildPhase section */

/* Begin PBXFileReference section */
		8E2E7C1119EEAA2E00A309C8 /* CrosshairsView.h */ = {isa = PBXFileReference; fileEncoding = 4; lastKnownFileType = sourcecode.c.h; path = CrosshairsView.h; sourceTree = "<group>"; };
		8E2E7C1219EEAA2E00A309C8 /* CrosshairsView.m */ = {isa = PBXFileReference; fileEncoding = 4; lastKnownFileType = sourcecode.c.objc; path = CrosshairsView.m; sourceTree = "<group>"; };
		8E3C374119E9CF56009DD1A6 /* Key.h */ = {isa = PBXFileReference; fileEncoding = 4; lastKnownFileType = sourcecode.c.h; path = Key.h; sourceTree = "<group>"; };
		8E3C374219E9CF56009DD1A6 /* Key.m */ = {isa = PBXFileReference; fileEncoding = 4; lastKnownFileType = sourcecode.c.objc; path = Key.m; sourceTree = "<group>"; };
		8E74956619DA65AD00B9EC9B /* Keyboard2.app */ = {isa = PBXFileReference; explicitFileType = wrapper.application; includeInIndex = 0; path = Keyboard2.app; sourceTree = BUILT_PRODUCTS_DIR; };
		8E74956A19DA65AD00B9EC9B /* Info.plist */ = {isa = PBXFileReference; lastKnownFileType = text.plist.xml; path = Info.plist; sourceTree = "<group>"; };
		8E74956B19DA65AD00B9EC9B /* main.m */ = {isa = PBXFileReference; lastKnownFileType = sourcecode.c.objc; path = main.m; sourceTree = "<group>"; };
		8E74956D19DA65AD00B9EC9B /* AppDelegate.h */ = {isa = PBXFileReference; lastKnownFileType = sourcecode.c.h; path = AppDelegate.h; sourceTree = "<group>"; };
		8E74956E19DA65AD00B9EC9B /* AppDelegate.m */ = {isa = PBXFileReference; lastKnownFileType = sourcecode.c.objc; path = AppDelegate.m; sourceTree = "<group>"; };
		8E74957019DA65AD00B9EC9B /* RootVC.h */ = {isa = PBXFileReference; lastKnownFileType = sourcecode.c.h; path = RootVC.h; sourceTree = "<group>"; };
		8E74957119DA65AD00B9EC9B /* RootVC.m */ = {isa = PBXFileReference; lastKnownFileType = sourcecode.c.objc; path = RootVC.m; sourceTree = "<group>"; };
		8E74957619DA65AD00B9EC9B /* Images.xcassets */ = {isa = PBXFileReference; lastKnownFileType = folder.assetcatalog; path = Images.xcassets; sourceTree = "<group>"; };
		8E74959319DA65EE00B9EC9B /* Garino-Keyboard.appex */ = {isa = PBXFileReference; explicitFileType = "wrapper.app-extension"; includeInIndex = 0; path = "Garino-Keyboard.appex"; sourceTree = BUILT_PRODUCTS_DIR; };
		8E74959619DA65EE00B9EC9B /* Info.plist */ = {isa = PBXFileReference; lastKnownFileType = text.plist.xml; path = Info.plist; sourceTree = "<group>"; };
		8E74959719DA65EE00B9EC9B /* KeyboardVC.h */ = {isa = PBXFileReference; lastKnownFileType = sourcecode.c.h; path = KeyboardVC.h; sourceTree = "<group>"; };
		8E74959819DA65EE00B9EC9B /* KeyboardVC.m */ = {isa = PBXFileReference; lastKnownFileType = sourcecode.c.objc; path = KeyboardVC.m; sourceTree = "<group>"; };
		8E7495A319DA68B100B9EC9B /* NSLayoutConstraint+Additions.h */ = {isa = PBXFileReference; fileEncoding = 4; lastKnownFileType = sourcecode.c.h; name = "NSLayoutConstraint+Additions.h"; path = "Garino-Keyboard/NSLayoutConstraint+Additions.h"; sourceTree = "<group>"; };
		8E7495D119DA72DC00B9EC9B /* UtilitiesUI.h */ = {isa = PBXFileReference; fileEncoding = 4; lastKnownFileType = sourcecode.c.h; path = UtilitiesUI.h; sourceTree = "<group>"; };
		8E7495D219DA72DC00B9EC9B /* UtilitiesUI.m */ = {isa = PBXFileReference; fileEncoding = 4; lastKnownFileType = sourcecode.c.objc; path = UtilitiesUI.m; sourceTree = "<group>"; };
		8E8916AA1A00720300F32987 /* TODO.txt */ = {isa = PBXFileReference; lastKnownFileType = text; path = TODO.txt; sourceTree = "<group>"; };
		8EDDBEE019EC247600AD2D49 /* KeyboardConstants.h */ = {isa = PBXFileReference; fileEncoding = 4; lastKnownFileType = sourcecode.c.h; path = KeyboardConstants.h; sourceTree = "<group>"; };
		8EDDBEE119EC247600AD2D49 /* KeyboardConstants.m */ = {isa = PBXFileReference; fileEncoding = 4; lastKnownFileType = sourcecode.c.objc; path = KeyboardConstants.m; sourceTree = "<group>"; };
		8EDDBEE319EC30B300AD2D49 /* KeyboardView.h */ = {isa = PBXFileReference; fileEncoding = 4; lastKnownFileType = sourcecode.c.h; path = KeyboardView.h; sourceTree = "<group>"; };
		8EDDBEE419EC30B300AD2D49 /* KeyboardView.m */ = {isa = PBXFileReference; fileEncoding = 4; lastKnownFileType = sourcecode.c.objc; path = KeyboardView.m; sourceTree = "<group>"; };
		8EE3691F19F3042F007AEA20 /* UIColor+Additions.h */ = {isa = PBXFileReference; fileEncoding = 4; lastKnownFileType = sourcecode.c.h; name = "UIColor+Additions.h"; path = "../SDK_Utilities.repo/UI_Categories/UIColor+Additions.h"; sourceTree = SOURCE_ROOT; };
		8EE3692019F3042F007AEA20 /* UIColor+Additions.m */ = {isa = PBXFileReference; fileEncoding = 4; lastKnownFileType = sourcecode.c.objc; name = "UIColor+Additions.m"; path = "../SDK_Utilities.repo/UI_Categories/UIColor+Additions.m"; sourceTree = SOURCE_ROOT; };
		8EE397C919F682CB006FA623 /* AudioToolbox.framework */ = {isa = PBXFileReference; lastKnownFileType = wrapper.framework; name = AudioToolbox.framework; path = System/Library/Frameworks/AudioToolbox.framework; sourceTree = SDKROOT; };
		8EE5C54A1A02D02500BEFF00 /* ExtraKeys.h */ = {isa = PBXFileReference; fileEncoding = 4; lastKnownFileType = sourcecode.c.h; path = ExtraKeys.h; sourceTree = "<group>"; };
		8EE5C54B1A02D02500BEFF00 /* ExtraKeys.m */ = {isa = PBXFileReference; fileEncoding = 4; lastKnownFileType = sourcecode.c.objc; path = ExtraKeys.m; sourceTree = "<group>"; };
		8EF92A2419ED477600D53AE2 /* Keyboard-Prefix.pch */ = {isa = PBXFileReference; lastKnownFileType = sourcecode.c.h; path = "Keyboard-Prefix.pch"; sourceTree = "<group>"; };
		8EF92A2619ED4B8300D53AE2 /* Keyboard2.entitlements */ = {isa = PBXFileReference; lastKnownFileType = text.xml; path = Keyboard2.entitlements; sourceTree = "<group>"; };
		8EF92A2719ED4D3B00D53AE2 /* Garino-Keyboard.entitlements */ = {isa = PBXFileReference; lastKnownFileType = text.xml; path = "Garino-Keyboard.entitlements"; sourceTree = "<group>"; };
/* End PBXFileReference section */

/* Begin PBXFrameworksBuildPhase section */
		8E74956319DA65AD00B9EC9B /* Frameworks */ = {
			isa = PBXFrameworksBuildPhase;
			buildActionMask = 2147483647;
			files = (
			);
			runOnlyForDeploymentPostprocessing = 0;
		};
		8E74959019DA65EE00B9EC9B /* Frameworks */ = {
			isa = PBXFrameworksBuildPhase;
			buildActionMask = 2147483647;
			files = (
				8EE397CA19F682CB006FA623 /* AudioToolbox.framework in Frameworks */,
			);
			runOnlyForDeploymentPostprocessing = 0;
		};
/* End PBXFrameworksBuildPhase section */

/* Begin PBXGroup section */
		8E74955D19DA65AD00B9EC9B = {
			isa = PBXGroup;
			children = (
				8E74956819DA65AD00B9EC9B /* Keyboard2 */,
				8E74959419DA65EE00B9EC9B /* Garino-Keyboard */,
				8EF92A2319ED473000D53AE2 /* Utilities */,
				8EE397C919F682CB006FA623 /* AudioToolbox.framework */,
				8E74956719DA65AD00B9EC9B /* Products */,
			);
			sourceTree = "<group>";
		};
		8E74956719DA65AD00B9EC9B /* Products */ = {
			isa = PBXGroup;
			children = (
				8E74956619DA65AD00B9EC9B /* Keyboard2.app */,
				8E74959319DA65EE00B9EC9B /* Garino-Keyboard.appex */,
			);
			name = Products;
			sourceTree = "<group>";
		};
		8E74956819DA65AD00B9EC9B /* Keyboard2 */ = {
			isa = PBXGroup;
			children = (
				8EF92A2619ED4B8300D53AE2 /* Keyboard2.entitlements */,
				8E74956D19DA65AD00B9EC9B /* AppDelegate.h */,
				8E74956E19DA65AD00B9EC9B /* AppDelegate.m */,
				8E74957019DA65AD00B9EC9B /* RootVC.h */,
				8E74957119DA65AD00B9EC9B /* RootVC.m */,
				8E74957619DA65AD00B9EC9B /* Images.xcassets */,
				8E74956919DA65AD00B9EC9B /* Supporting Files */,
			);
			path = Keyboard2;
			sourceTree = "<group>";
		};
		8E74956919DA65AD00B9EC9B /* Supporting Files */ = {
			isa = PBXGroup;
			children = (
				8E74956A19DA65AD00B9EC9B /* Info.plist */,
				8E74956B19DA65AD00B9EC9B /* main.m */,
			);
			name = "Supporting Files";
			sourceTree = "<group>";
		};
		8E74959419DA65EE00B9EC9B /* Garino-Keyboard */ = {
			isa = PBXGroup;
			children = (
				8E8916AA1A00720300F32987 /* TODO.txt */,
				8EF92A2719ED4D3B00D53AE2 /* Garino-Keyboard.entitlements */,
				8EDDBEE019EC247600AD2D49 /* KeyboardConstants.h */,
				8EDDBEE119EC247600AD2D49 /* KeyboardConstants.m */,
				8E74959719DA65EE00B9EC9B /* KeyboardVC.h */,
				8E74959819DA65EE00B9EC9B /* KeyboardVC.m */,
				8EDDBEE319EC30B300AD2D49 /* KeyboardView.h */,
				8EDDBEE419EC30B300AD2D49 /* KeyboardView.m */,
				8E3C374119E9CF56009DD1A6 /* Key.h */,
				8E3C374219E9CF56009DD1A6 /* Key.m */,
				8EE5C54A1A02D02500BEFF00 /* ExtraKeys.h */,
				8EE5C54B1A02D02500BEFF00 /* ExtraKeys.m */,
				8E2E7C1119EEAA2E00A309C8 /* CrosshairsView.h */,
				8E2E7C1219EEAA2E00A309C8 /* CrosshairsView.m */,
				8EF92A2519ED47BA00D53AE2 /* Supporting Files */,
			);
			path = "Garino-Keyboard";
			sourceTree = "<group>";
		};
		8EF92A2319ED473000D53AE2 /* Utilities */ = {
			isa = PBXGroup;
			children = (
				8EE3691F19F3042F007AEA20 /* UIColor+Additions.h */,
				8EE3692019F3042F007AEA20 /* UIColor+Additions.m */,
				8E7495A319DA68B100B9EC9B /* NSLayoutConstraint+Additions.h */,
				8E7495D119DA72DC00B9EC9B /* UtilitiesUI.h */,
				8E7495D219DA72DC00B9EC9B /* UtilitiesUI.m */,
			);
			name = Utilities;
			sourceTree = "<group>";
		};
		8EF92A2519ED47BA00D53AE2 /* Supporting Files */ = {
			isa = PBXGroup;
			children = (
				8EF92A2419ED477600D53AE2 /* Keyboard-Prefix.pch */,
				8E74959619DA65EE00B9EC9B /* Info.plist */,
			);
			name = "Supporting Files";
			sourceTree = "<group>";
		};
/* End PBXGroup section */

/* Begin PBXNativeTarget section */
		8E74956519DA65AD00B9EC9B /* Keyboard2 */ = {
			isa = PBXNativeTarget;
			buildConfigurationList = 8E74958919DA65AD00B9EC9B /* Build configuration list for PBXNativeTarget "Keyboard2" */;
			buildPhases = (
				8E74956219DA65AD00B9EC9B /* Sources */,
				8E74956319DA65AD00B9EC9B /* Frameworks */,
				8E74956419DA65AD00B9EC9B /* Resources */,
				8E7495A219DA65EE00B9EC9B /* Embed App Extensions */,
			);
			buildRules = (
			);
			dependencies = (
				8E74959B19DA65EE00B9EC9B /* PBXTargetDependency */,
				8E74959E19DA65EE00B9EC9B /* PBXTargetDependency */,
			);
			name = Keyboard2;
			productName = Keyboard2;
			productReference = 8E74956619DA65AD00B9EC9B /* Keyboard2.app */;
			productType = "com.apple.product-type.application";
		};
		8E74959219DA65EE00B9EC9B /* Garino-Keyboard */ = {
			isa = PBXNativeTarget;
			buildConfigurationList = 8E74959F19DA65EE00B9EC9B /* Build configuration list for PBXNativeTarget "Garino-Keyboard" */;
			buildPhases = (
				8E74958F19DA65EE00B9EC9B /* Sources */,
				8E74959019DA65EE00B9EC9B /* Frameworks */,
				8E74959119DA65EE00B9EC9B /* Resources */,
			);
			buildRules = (
			);
			dependencies = (
			);
			name = "Garino-Keyboard";
			productName = "Garino-Keyboard";
			productReference = 8E74959319DA65EE00B9EC9B /* Garino-Keyboard.appex */;
			productType = "com.apple.product-type.app-extension";
		};
/* End PBXNativeTarget section */

/* Begin PBXProject section */
		8E74955E19DA65AD00B9EC9B /* Project object */ = {
			isa = PBXProject;
			attributes = {
				LastUpgradeCheck = 0600;
				ORGANIZATIONNAME = "Gary Morris";
				TargetAttributes = {
					8E74956519DA65AD00B9EC9B = {
						CreatedOnToolsVersion = 6.0.1;
						DevelopmentTeam = G69KC2U64D;
						SystemCapabilities = {
							com.apple.ApplicationGroups.iOS = {
								enabled = 1;
							};
						};
					};
					8E74959219DA65EE00B9EC9B = {
						CreatedOnToolsVersion = 6.0.1;
						DevelopmentTeam = G69KC2U64D;
						SystemCapabilities = {
							com.apple.ApplicationGroups.iOS = {
								enabled = 1;
							};
						};
					};
				};
			};
			buildConfigurationList = 8E74956119DA65AD00B9EC9B /* Build configuration list for PBXProject "Keyboard2" */;
			compatibilityVersion = "Xcode 3.2";
			developmentRegion = English;
			hasScannedForEncodings = 0;
			knownRegions = (
				en,
				Base,
			);
			mainGroup = 8E74955D19DA65AD00B9EC9B;
			productRefGroup = 8E74956719DA65AD00B9EC9B /* Products */;
			projectDirPath = "";
			projectRoot = "";
			targets = (
				8E74956519DA65AD00B9EC9B /* Keyboard2 */,
				8E74959219DA65EE00B9EC9B /* Garino-Keyboard */,
			);
		};
/* End PBXProject section */

/* Begin PBXResourcesBuildPhase section */
		8E74956419DA65AD00B9EC9B /* Resources */ = {
			isa = PBXResourcesBuildPhase;
			buildActionMask = 2147483647;
			files = (
				8E74957719DA65AD00B9EC9B /* Images.xcassets in Resources */,
			);
			runOnlyForDeploymentPostprocessing = 0;
		};
		8E74959119DA65EE00B9EC9B /* Resources */ = {
			isa = PBXResourcesBuildPhase;
			buildActionMask = 2147483647;
			files = (
			);
			runOnlyForDeploymentPostprocessing = 0;
		};
/* End PBXResourcesBuildPhase section */

/* Begin PBXSourcesBuildPhase section */
		8E74956219DA65AD00B9EC9B /* Sources */ = {
			isa = PBXSourcesBuildPhase;
			buildActionMask = 2147483647;
			files = (
				8E74957219DA65AD00B9EC9B /* RootVC.m in Sources */,
				8E74956F19DA65AD00B9EC9B /* AppDelegate.m in Sources */,
				8E7495D319DA72DC00B9EC9B /* UtilitiesUI.m in Sources */,
				8E74956C19DA65AD00B9EC9B /* main.m in Sources */,
			);
			runOnlyForDeploymentPostprocessing = 0;
		};
		8E74958F19DA65EE00B9EC9B /* Sources */ = {
			isa = PBXSourcesBuildPhase;
			buildActionMask = 2147483647;
			files = (
				8EDDBEE219EC247600AD2D49 /* KeyboardConstants.m in Sources */,
				8EE3692119F3042F007AEA20 /* UIColor+Additions.m in Sources */,
				8E7495D419DA72DC00B9EC9B /* UtilitiesUI.m in Sources */,
				8EDDBEE519EC30B300AD2D49 /* KeyboardView.m in Sources */,
				8E74959919DA65EE00B9EC9B /* KeyboardVC.m in Sources */,
				8E3C374319E9CF56009DD1A6 /* Key.m in Sources */,
				8EE5C54C1A02D02500BEFF00 /* ExtraKeys.m in Sources */,
				8E2E7C1319EEAA2E00A309C8 /* CrosshairsView.m in Sources */,
			);
			runOnlyForDeploymentPostprocessing = 0;
		};
/* End PBXSourcesBuildPhase section */

/* Begin PBXTargetDependency section */
		8E74959B19DA65EE00B9EC9B /* PBXTargetDependency */ = {
			isa = PBXTargetDependency;
			target = 8E74959219DA65EE00B9EC9B /* Garino-Keyboard */;
			targetProxy = 8E74959A19DA65EE00B9EC9B /* PBXContainerItemProxy */;
		};
		8E74959E19DA65EE00B9EC9B /* PBXTargetDependency */ = {
			isa = PBXTargetDependency;
			target = 8E74959219DA65EE00B9EC9B /* Garino-Keyboard */;
			targetProxy = 8E74959D19DA65EE00B9EC9B /* PBXContainerItemProxy */;
		};
/* End PBXTargetDependency section */

/* Begin XCBuildConfiguration section */
		8E74958719DA65AD00B9EC9B /* Debug */ = {
			isa = XCBuildConfiguration;
			buildSettings = {
				ALWAYS_SEARCH_USER_PATHS = NO;
				CLANG_CXX_LANGUAGE_STANDARD = "gnu++0x";
				CLANG_CXX_LIBRARY = "libc++";
				CLANG_ENABLE_MODULES = YES;
				CLANG_ENABLE_OBJC_ARC = YES;
				CLANG_WARN_BOOL_CONVERSION = YES;
				CLANG_WARN_CONSTANT_CONVERSION = YES;
				CLANG_WARN_DIRECT_OBJC_ISA_USAGE = YES_ERROR;
				CLANG_WARN_EMPTY_BODY = YES;
				CLANG_WARN_ENUM_CONVERSION = YES;
				CLANG_WARN_INT_CONVERSION = YES;
				CLANG_WARN_OBJC_ROOT_CLASS = YES_ERROR;
				CLANG_WARN_UNREACHABLE_CODE = YES;
				CLANG_WARN__DUPLICATE_METHOD_MATCH = YES;
				"CODE_SIGN_IDENTITY[sdk=iphoneos*]" = "iPhone Developer";
				COPY_PHASE_STRIP = NO;
				ENABLE_STRICT_OBJC_MSGSEND = YES;
				GCC_C_LANGUAGE_STANDARD = gnu99;
				GCC_DYNAMIC_NO_PIC = NO;
				GCC_OPTIMIZATION_LEVEL = 0;
				GCC_PREPROCESSOR_DEFINITIONS = (
					"DEBUG=1",
					"$(inherited)",
				);
				GCC_SYMBOLS_PRIVATE_EXTERN = NO;
				GCC_WARN_64_TO_32_BIT_CONVERSION = YES;
				GCC_WARN_ABOUT_RETURN_TYPE = YES_ERROR;
				GCC_WARN_UNDECLARED_SELECTOR = YES;
				GCC_WARN_UNINITIALIZED_AUTOS = YES_AGGRESSIVE;
				GCC_WARN_UNUSED_FUNCTION = YES;
				GCC_WARN_UNUSED_VARIABLE = YES;
				IPHONEOS_DEPLOYMENT_TARGET = 8.0;
				MTL_ENABLE_DEBUG_INFO = YES;
				ONLY_ACTIVE_ARCH = YES;
				SDKROOT = iphoneos;
			};
			name = Debug;
		};
		8E74958819DA65AD00B9EC9B /* Release */ = {
			isa = XCBuildConfiguration;
			buildSettings = {
				ALWAYS_SEARCH_USER_PATHS = NO;
				CLANG_CXX_LANGUAGE_STANDARD = "gnu++0x";
				CLANG_CXX_LIBRARY = "libc++";
				CLANG_ENABLE_MODULES = YES;
				CLANG_ENABLE_OBJC_ARC = YES;
				CLANG_WARN_BOOL_CONVERSION = YES;
				CLANG_WARN_CONSTANT_CONVERSION = YES;
				CLANG_WARN_DIRECT_OBJC_ISA_USAGE = YES_ERROR;
				CLANG_WARN_EMPTY_BODY = YES;
				CLANG_WARN_ENUM_CONVERSION = YES;
				CLANG_WARN_INT_CONVERSION = YES;
				CLANG_WARN_OBJC_ROOT_CLASS = YES_ERROR;
				CLANG_WARN_UNREACHABLE_CODE = YES;
				CLANG_WARN__DUPLICATE_METHOD_MATCH = YES;
				"CODE_SIGN_IDENTITY[sdk=iphoneos*]" = "iPhone Developer";
				COPY_PHASE_STRIP = YES;
				ENABLE_NS_ASSERTIONS = NO;
				ENABLE_STRICT_OBJC_MSGSEND = YES;
				GCC_C_LANGUAGE_STANDARD = gnu99;
				GCC_WARN_64_TO_32_BIT_CONVERSION = YES;
				GCC_WARN_ABOUT_RETURN_TYPE = YES_ERROR;
				GCC_WARN_UNDECLARED_SELECTOR = YES;
				GCC_WARN_UNINITIALIZED_AUTOS = YES_AGGRESSIVE;
				GCC_WARN_UNUSED_FUNCTION = YES;
				GCC_WARN_UNUSED_VARIABLE = YES;
				IPHONEOS_DEPLOYMENT_TARGET = 8.0;
				MTL_ENABLE_DEBUG_INFO = NO;
				SDKROOT = iphoneos;
				VALIDATE_PRODUCT = YES;
			};
			name = Release;
		};
		8E74958A19DA65AD00B9EC9B /* Debug */ = {
			isa = XCBuildConfiguration;
			buildSettings = {
				ASSETCATALOG_COMPILER_APPICON_NAME = AppIcon;
				CODE_SIGN_ENTITLEMENTS = Keyboard2/Keyboard2.entitlements;
				CODE_SIGN_IDENTITY = "iPhone Developer";
				"CODE_SIGN_IDENTITY[sdk=iphoneos*]" = "iPhone Developer";
				INFOPLIST_FILE = Keyboard2/Info.plist;
				LD_RUNPATH_SEARCH_PATHS = "$(inherited) @executable_path/Frameworks";
				PRODUCT_NAME = "$(TARGET_NAME)";
				PROVISIONING_PROFILE = "";
			};
			name = Debug;
		};
		8E74958B19DA65AD00B9EC9B /* Release */ = {
			isa = XCBuildConfiguration;
			buildSettings = {
				ASSETCATALOG_COMPILER_APPICON_NAME = AppIcon;
				CODE_SIGN_ENTITLEMENTS = Keyboard2/Keyboard2.entitlements;
				CODE_SIGN_IDENTITY = "iPhone Developer";
				"CODE_SIGN_IDENTITY[sdk=iphoneos*]" = "iPhone Developer";
				INFOPLIST_FILE = Keyboard2/Info.plist;
				LD_RUNPATH_SEARCH_PATHS = "$(inherited) @executable_path/Frameworks";
				PRODUCT_NAME = "$(TARGET_NAME)";
				PROVISIONING_PROFILE = "";
			};
			name = Release;
		};
		8E7495A019DA65EE00B9EC9B /* Debug */ = {
			isa = XCBuildConfiguration;
			buildSettings = {
				CLANG_WARN_ASSIGN_ENUM = YES;
				CLANG_WARN_DEPRECATED_OBJC_IMPLEMENTATIONS = YES;
				CLANG_WARN_IMPLICIT_SIGN_CONVERSION = YES;
				CLANG_WARN_OBJC_EXPLICIT_OWNERSHIP_TYPE = YES;
				CLANG_WARN_OBJC_IMPLICIT_ATOMIC_PROPERTIES = YES;
				CLANG_WARN_OBJC_IMPLICIT_RETAIN_SELF = YES;
				CLANG_WARN_OBJC_RECEIVER_WEAK = YES;
				CLANG_WARN_OBJC_REPEATED_USE_OF_WEAK = YES;
				CLANG_WARN_SUSPICIOUS_IMPLICIT_CONVERSION = YES;
				CODE_SIGN_ENTITLEMENTS = "Garino-Keyboard/Garino-Keyboard.entitlements";
				CODE_SIGN_IDENTITY = "iPhone Developer";
				"CODE_SIGN_IDENTITY[sdk=iphoneos*]" = "iPhone Developer";
				GCC_PRECOMPILE_PREFIX_HEADER = YES;
				GCC_PREFIX_HEADER = "Garino-Keyboard/Keyboard-Prefix.pch";
				GCC_PREPROCESSOR_DEFINITIONS = (
					"DEBUG=1",
					"$(inherited)",
				);
				GCC_WARN_ABOUT_MISSING_FIELD_INITIALIZERS = YES;
				GCC_WARN_INITIALIZER_NOT_FULLY_BRACKETED = YES;
				GCC_WARN_SHADOW = YES;
				GCC_WARN_SIGN_COMPARE = YES;
				INFOPLIST_FILE = "Garino-Keyboard/Info.plist";
				LD_RUNPATH_SEARCH_PATHS = "$(inherited) @executable_path/Frameworks @executable_path/../../Frameworks";
				PRODUCT_NAME = "$(TARGET_NAME)";
				PROVISIONING_PROFILE = "";
				SKIP_INSTALL = YES;
			};
			name = Debug;
		};
		8E7495A119DA65EE00B9EC9B /* Release */ = {
			isa = XCBuildConfiguration;
			buildSettings = {
				CLANG_WARN_ASSIGN_ENUM = YES;
				CLANG_WARN_DEPRECATED_OBJC_IMPLEMENTATIONS = YES;
				CLANG_WARN_IMPLICIT_SIGN_CONVERSION = YES;
				CLANG_WARN_OBJC_EXPLICIT_OWNERSHIP_TYPE = YES;
				CLANG_WARN_OBJC_IMPLICIT_ATOMIC_PROPERTIES = YES;
				CLANG_WARN_OBJC_IMPLICIT_RETAIN_SELF = YES;
				CLANG_WARN_OBJC_RECEIVER_WEAK = YES;
				CLANG_WARN_OBJC_REPEATED_USE_OF_WEAK = YES;
				CLANG_WARN_SUSPICIOUS_IMPLICIT_CONVERSION = YES;
				CODE_SIGN_ENTITLEMENTS = "Garino-Keyboard/Garino-Keyboard.entitlements";
				CODE_SIGN_IDENTITY = "iPhone Developer";
				"CODE_SIGN_IDENTITY[sdk=iphoneos*]" = "iPhone Developer";
				GCC_PRECOMPILE_PREFIX_HEADER = YES;
				GCC_PREFIX_HEADER = "Garino-Keyboard/Keyboard-Prefix.pch";
				GCC_WARN_ABOUT_MISSING_FIELD_INITIALIZERS = YES;
				GCC_WARN_INITIALIZER_NOT_FULLY_BRACKETED = YES;
				GCC_WARN_SHADOW = YES;
				GCC_WARN_SIGN_COMPARE = YES;
				INFOPLIST_FILE = "Garino-Keyboard/Info.plist";
				LD_RUNPATH_SEARCH_PATHS = "$(inherited) @executable_path/Frameworks @executable_path/../../Frameworks";
				PRODUCT_NAME = "$(TARGET_NAME)";
				PROVISIONING_PROFILE = "";
				SKIP_INSTALL = YES;
			};
			name = Release;
		};
/* End XCBuildConfiguration section */

/* Begin XCConfigurationList section */
		8E74956119DA65AD00B9EC9B /* Build configuration list for PBXProject "Keyboard2" */ = {
			isa = XCConfigurationList;
			buildConfigurations = (
				8E74958719DA65AD00B9EC9B /* Debug */,
				8E74958819DA65AD00B9EC9B /* Release */,
			);
			defaultConfigurationIsVisible = 0;
			defaultConfigurationName = Release;
		};
		8E74958919DA65AD00B9EC9B /* Build configuration list for PBXNativeTarget "Keyboard2" */ = {
			isa = XCConfigurationList;
			buildConfigurations = (
				8E74958A19DA65AD00B9EC9B /* Debug */,
				8E74958B19DA65AD00B9EC9B /* Release */,
			);
			defaultConfigurationIsVisible = 0;
			defaultConfigurationName = Release;
		};
		8E74959F19DA65EE00B9EC9B /* Build configuration list for PBXNativeTarget "Garino-Keyboard" */ = {
			isa = XCConfigurationList;
			buildConfigurations = (
				8E7495A019DA65EE00B9EC9B /* Debug */,
				8E7495A119DA65EE00B9EC9B /* Release */,
			);
			defaultConfigurationIsVisible = 0;
			defaultConfigurationName = Release;
		};
/* End XCConfigurationList section */
	};
	rootObject = 8E74955E19DA65AD00B9EC9B /* Project object */;
}
